// !$*UTF8*$!
{
	archiveVersion = 1;
	classes = {
	};
	objectVersion = 48;
	objects = {

/* Begin PBXBuildFile section */
		894AB512202BAA44006366EE /* AppDelegate.swift in Sources */ = {isa = PBXBuildFile; fileRef = 894AB511202BAA44006366EE /* AppDelegate.swift */; };
		894AB514202BAA44006366EE /* ViewController.swift in Sources */ = {isa = PBXBuildFile; fileRef = 894AB513202BAA44006366EE /* ViewController.swift */; };
		894AB517202BAA44006366EE /* Main.storyboard in Resources */ = {isa = PBXBuildFile; fileRef = 894AB515202BAA44006366EE /* Main.storyboard */; };
		894AB519202BAA44006366EE /* Assets.xcassets in Resources */ = {isa = PBXBuildFile; fileRef = 894AB518202BAA44006366EE /* Assets.xcassets */; };
		894AB51C202BAA44006366EE /* LaunchScreen.storyboard in Resources */ = {isa = PBXBuildFile; fileRef = 894AB51A202BAA44006366EE /* LaunchScreen.storyboard */; };
		894AB547202BAADE006366EE /* fig_small.jpg in Resources */ = {isa = PBXBuildFile; fileRef = 894AB524202BAADE006366EE /* fig_small.jpg */; };
		894AB548202BAADE006366EE /* plum_small.jpg in Resources */ = {isa = PBXBuildFile; fileRef = 894AB525202BAADE006366EE /* plum_small.jpg */; };
		894AB549202BAADE006366EE /* strawberry_small.jpg in Resources */ = {isa = PBXBuildFile; fileRef = 894AB526202BAADE006366EE /* strawberry_small.jpg */; };
		894AB54A202BAADE006366EE /* peach_small.jpg in Resources */ = {isa = PBXBuildFile; fileRef = 894AB527202BAADE006366EE /* peach_small.jpg */; };
		894AB54B202BAADE006366EE /* blueberries_small.jpg in Resources */ = {isa = PBXBuildFile; fileRef = 894AB528202BAADE006366EE /* blueberries_small.jpg */; };
		894AB54C202BAADE006366EE /* oranges_small.jpg in Resources */ = {isa = PBXBuildFile; fileRef = 894AB529202BAADE006366EE /* oranges_small.jpg */; };
		894AB54D202BAADE006366EE /* apple_small.jpg in Resources */ = {isa = PBXBuildFile; fileRef = 894AB52A202BAADE006366EE /* apple_small.jpg */; };
		894AB54E202BAADE006366EE /* appricot_small.jpg in Resources */ = {isa = PBXBuildFile; fileRef = 894AB52B202BAADE006366EE /* appricot_small.jpg */; };
		894AB54F202BAADE006366EE /* carrots_small.jpg in Resources */ = {isa = PBXBuildFile; fileRef = 894AB52D202BAADE006366EE /* carrots_small.jpg */; };
		894AB550202BAADE006366EE /* spinach_small.jpg in Resources */ = {isa = PBXBuildFile; fileRef = 894AB52E202BAADE006366EE /* spinach_small.jpg */; };
		894AB551202BAADE006366EE /* peas_small.jpg in Resources */ = {isa = PBXBuildFile; fileRef = 894AB52F202BAADE006366EE /* peas_small.jpg */; };
		894AB552202BAADE006366EE /* cabbage_small.jpg in Resources */ = {isa = PBXBuildFile; fileRef = 894AB530202BAADE006366EE /* cabbage_small.jpg */; };
		894AB553202BAADE006366EE /* pumpkin_small.jpg in Resources */ = {isa = PBXBuildFile; fileRef = 894AB531202BAADE006366EE /* pumpkin_small.jpg */; };
		894AB554202BAADE006366EE /* tomatoes_small.jpg in Resources */ = {isa = PBXBuildFile; fileRef = 894AB532202BAADE006366EE /* tomatoes_small.jpg */; };
		894AB555202BAADE006366EE /* kale_small.jpg in Resources */ = {isa = PBXBuildFile; fileRef = 894AB533202BAADE006366EE /* kale_small.jpg */; };
		894AB556202BAADE006366EE /* eggplant_small.jpg in Resources */ = {isa = PBXBuildFile; fileRef = 894AB534202BAADE006366EE /* eggplant_small.jpg */; };
		894AB557202BAADE006366EE /* tomatoes.jpg in Resources */ = {isa = PBXBuildFile; fileRef = 894AB536202BAADE006366EE /* tomatoes.jpg */; };
		894AB558202BAADE006366EE /* kale.jpg in Resources */ = {isa = PBXBuildFile; fileRef = 894AB537202BAADE006366EE /* kale.jpg */; };
		894AB559202BAADE006366EE /* peas.jpg in Resources */ = {isa = PBXBuildFile; fileRef = 894AB538202BAADE006366EE /* peas.jpg */; };
		894AB55A202BAADE006366EE /* spinach.jpg in Resources */ = {isa = PBXBuildFile; fileRef = 894AB539202BAADE006366EE /* spinach.jpg */; };
		894AB55B202BAADE006366EE /* eggplant.jpg in Resources */ = {isa = PBXBuildFile; fileRef = 894AB53A202BAADE006366EE /* eggplant.jpg */; };
		894AB55C202BAADE006366EE /* cabbage.jpg in Resources */ = {isa = PBXBuildFile; fileRef = 894AB53B202BAADE006366EE /* cabbage.jpg */; };
		894AB55D202BAADE006366EE /* pumpkin.jpg in Resources */ = {isa = PBXBuildFile; fileRef = 894AB53C202BAADE006366EE /* pumpkin.jpg */; };
		894AB55E202BAADE006366EE /* carrots.jpg in Resources */ = {isa = PBXBuildFile; fileRef = 894AB53D202BAADE006366EE /* carrots.jpg */; };
		894AB55F202BAADE006366EE /* peach.jpg in Resources */ = {isa = PBXBuildFile; fileRef = 894AB53F202BAADE006366EE /* peach.jpg */; };
		894AB560202BAADE006366EE /* fig.jpg in Resources */ = {isa = PBXBuildFile; fileRef = 894AB540202BAADE006366EE /* fig.jpg */; };
		894AB561202BAADE006366EE /* blueberries.jpg in Resources */ = {isa = PBXBuildFile; fileRef = 894AB541202BAADE006366EE /* blueberries.jpg */; };
		894AB562202BAADE006366EE /* oranges.jpg in Resources */ = {isa = PBXBuildFile; fileRef = 894AB542202BAADE006366EE /* oranges.jpg */; };
		894AB563202BAADE006366EE /* apple.jpg in Resources */ = {isa = PBXBuildFile; fileRef = 894AB543202BAADE006366EE /* apple.jpg */; };
		894AB564202BAADE006366EE /* plum.jpg in Resources */ = {isa = PBXBuildFile; fileRef = 894AB544202BAADE006366EE /* plum.jpg */; };
		894AB565202BAADE006366EE /* strawberry.jpg in Resources */ = {isa = PBXBuildFile; fileRef = 894AB545202BAADE006366EE /* strawberry.jpg */; };
		894AB566202BAADE006366EE /* appricot.jpg in Resources */ = {isa = PBXBuildFile; fileRef = 894AB546202BAADE006366EE /* appricot.jpg */; };
		894AB568202BAB2B006366EE /* Food.swift in Sources */ = {isa = PBXBuildFile; fileRef = 894AB567202BAB2B006366EE /* Food.swift */; };
		894AB56A202BAB96006366EE /* FruitsNVeggies.swift in Sources */ = {isa = PBXBuildFile; fileRef = 894AB569202BAB96006366EE /* FruitsNVeggies.swift */; };
/* End PBXBuildFile section */

/* Begin PBXFileReference section */
		894AB50E202BAA44006366EE /* LearningTableViews.app */ = {isa = PBXFileReference; explicitFileType = wrapper.application; includeInIndex = 0; path = LearningTableViews.app; sourceTree = BUILT_PRODUCTS_DIR; };
		894AB511202BAA44006366EE /* AppDelegate.swift */ = {isa = PBXFileReference; lastKnownFileType = sourcecode.swift; path = AppDelegate.swift; sourceTree = "<group>"; };
		894AB513202BAA44006366EE /* ViewController.swift */ = {isa = PBXFileReference; lastKnownFileType = sourcecode.swift; path = ViewController.swift; sourceTree = "<group>"; };
		894AB516202BAA44006366EE /* Base */ = {isa = PBXFileReference; lastKnownFileType = file.storyboard; name = Base; path = Base.lproj/Main.storyboard; sourceTree = "<group>"; };
		894AB518202BAA44006366EE /* Assets.xcassets */ = {isa = PBXFileReference; lastKnownFileType = folder.assetcatalog; path = Assets.xcassets; sourceTree = "<group>"; };
		894AB51B202BAA44006366EE /* Base */ = {isa = PBXFileReference; lastKnownFileType = file.storyboard; name = Base; path = Base.lproj/LaunchScreen.storyboard; sourceTree = "<group>"; };
		894AB51D202BAA44006366EE /* Info.plist */ = {isa = PBXFileReference; lastKnownFileType = text.plist.xml; path = Info.plist; sourceTree = "<group>"; };
		894AB524202BAADE006366EE /* fig_small.jpg */ = {isa = PBXFileReference; lastKnownFileType = image.jpeg; path = fig_small.jpg; sourceTree = "<group>"; };
		894AB525202BAADE006366EE /* plum_small.jpg */ = {isa = PBXFileReference; lastKnownFileType = image.jpeg; path = plum_small.jpg; sourceTree = "<group>"; };
		894AB526202BAADE006366EE /* strawberry_small.jpg */ = {isa = PBXFileReference; lastKnownFileType = image.jpeg; path = strawberry_small.jpg; sourceTree = "<group>"; };
		894AB527202BAADE006366EE /* peach_small.jpg */ = {isa = PBXFileReference; lastKnownFileType = image.jpeg; path = peach_small.jpg; sourceTree = "<group>"; };
		894AB528202BAADE006366EE /* blueberries_small.jpg */ = {isa = PBXFileReference; lastKnownFileType = image.jpeg; path = blueberries_small.jpg; sourceTree = "<group>"; };
		894AB529202BAADE006366EE /* oranges_small.jpg */ = {isa = PBXFileReference; lastKnownFileType = image.jpeg; path = oranges_small.jpg; sourceTree = "<group>"; };
		894AB52A202BAADE006366EE /* apple_small.jpg */ = {isa = PBXFileReference; lastKnownFileType = image.jpeg; path = apple_small.jpg; sourceTree = "<group>"; };
		894AB52B202BAADE006366EE /* appricot_small.jpg */ = {isa = PBXFileReference; lastKnownFileType = image.jpeg; path = appricot_small.jpg; sourceTree = "<group>"; };
		894AB52D202BAADE006366EE /* carrots_small.jpg */ = {isa = PBXFileReference; lastKnownFileType = image.jpeg; path = carrots_small.jpg; sourceTree = "<group>"; };
		894AB52E202BAADE006366EE /* spinach_small.jpg */ = {isa = PBXFileReference; lastKnownFileType = image.jpeg; path = spinach_small.jpg; sourceTree = "<group>"; };
		894AB52F202BAADE006366EE /* peas_small.jpg */ = {isa = PBXFileReference; lastKnownFileType = image.jpeg; path = peas_small.jpg; sourceTree = "<group>"; };
		894AB530202BAADE006366EE /* cabbage_small.jpg */ = {isa = PBXFileReference; lastKnownFileType = image.jpeg; path = cabbage_small.jpg; sourceTree = "<group>"; };
		894AB531202BAADE006366EE /* pumpkin_small.jpg */ = {isa = PBXFileReference; lastKnownFileType = image.jpeg; path = pumpkin_small.jpg; sourceTree = "<group>"; };
		894AB532202BAADE006366EE /* tomatoes_small.jpg */ = {isa = PBXFileReference; lastKnownFileType = image.jpeg; path = tomatoes_small.jpg; sourceTree = "<group>"; };
		894AB533202BAADE006366EE /* kale_small.jpg */ = {isa = PBXFileReference; lastKnownFileType = image.jpeg; path = kale_small.jpg; sourceTree = "<group>"; };
		894AB534202BAADE006366EE /* eggplant_small.jpg */ = {isa = PBXFileReference; lastKnownFileType = image.jpeg; path = eggplant_small.jpg; sourceTree = "<group>"; };
		894AB536202BAADE006366EE /* tomatoes.jpg */ = {isa = PBXFileReference; lastKnownFileType = image.jpeg; path = tomatoes.jpg; sourceTree = "<group>"; };
		894AB537202BAADE006366EE /* kale.jpg */ = {isa = PBXFileReference; lastKnownFileType = image.jpeg; path = kale.jpg; sourceTree = "<group>"; };
		894AB538202BAADE006366EE /* peas.jpg */ = {isa = PBXFileReference; lastKnownFileType = image.jpeg; path = peas.jpg; sourceTree = "<group>"; };
		894AB539202BAADE006366EE /* spinach.jpg */ = {isa = PBXFileReference; lastKnownFileType = image.jpeg; path = spinach.jpg; sourceTree = "<group>"; };
		894AB53A202BAADE006366EE /* eggplant.jpg */ = {isa = PBXFileReference; lastKnownFileType = image.jpeg; path = eggplant.jpg; sourceTree = "<group>"; };
		894AB53B202BAADE006366EE /* cabbage.jpg */ = {isa = PBXFileReference; lastKnownFileType = image.jpeg; path = cabbage.jpg; sourceTree = "<group>"; };
		894AB53C202BAADE006366EE /* pumpkin.jpg */ = {isa = PBXFileReference; lastKnownFileType = image.jpeg; path = pumpkin.jpg; sourceTree = "<group>"; };
		894AB53D202BAADE006366EE /* carrots.jpg */ = {isa = PBXFileReference; lastKnownFileType = image.jpeg; path = carrots.jpg; sourceTree = "<group>"; };
		894AB53F202BAADE006366EE /* peach.jpg */ = {isa = PBXFileReference; lastKnownFileType = image.jpeg; path = peach.jpg; sourceTree = "<group>"; };
		894AB540202BAADE006366EE /* fig.jpg */ = {isa = PBXFileReference; lastKnownFileType = image.jpeg; path = fig.jpg; sourceTree = "<group>"; };
		894AB541202BAADE006366EE /* blueberries.jpg */ = {isa = PBXFileReference; lastKnownFileType = image.jpeg; path = blueberries.jpg; sourceTree = "<group>"; };
		894AB542202BAADE006366EE /* oranges.jpg */ = {isa = PBXFileReference; lastKnownFileType = image.jpeg; path = oranges.jpg; sourceTree = "<group>"; };
		894AB543202BAADE006366EE /* apple.jpg */ = {isa = PBXFileReference; lastKnownFileType = image.jpeg; path = apple.jpg; sourceTree = "<group>"; };
		894AB544202BAADE006366EE /* plum.jpg */ = {isa = PBXFileReference; lastKnownFileType = image.jpeg; path = plum.jpg; sourceTree = "<group>"; };
		894AB545202BAADE006366EE /* strawberry.jpg */ = {isa = PBXFileReference; lastKnownFileType = image.jpeg; path = strawberry.jpg; sourceTree = "<group>"; };
		894AB546202BAADE006366EE /* appricot.jpg */ = {isa = PBXFileReference; lastKnownFileType = image.jpeg; path = appricot.jpg; sourceTree = "<group>"; };
		894AB567202BAB2B006366EE /* Food.swift */ = {isa = PBXFileReference; lastKnownFileType = sourcecode.swift; path = Food.swift; sourceTree = "<group>"; };
		894AB569202BAB96006366EE /* FruitsNVeggies.swift */ = {isa = PBXFileReference; lastKnownFileType = sourcecode.swift; path = FruitsNVeggies.swift; sourceTree = "<group>"; };
/* End PBXFileReference section */

/* Begin PBXFrameworksBuildPhase section */
		894AB50B202BAA44006366EE /* Frameworks */ = {
			isa = PBXFrameworksBuildPhase;
			buildActionMask = 2147483647;
			files = (
			);
			runOnlyForDeploymentPostprocessing = 0;
		};
/* End PBXFrameworksBuildPhase section */

/* Begin PBXGroup section */
		894AB505202BAA44006366EE = {
			isa = PBXGroup;
			children = (
				894AB510202BAA44006366EE /* LearningTableViews */,
				894AB50F202BAA44006366EE /* Products */,
			);
			sourceTree = "<group>";
		};
		894AB50F202BAA44006366EE /* Products */ = {
			isa = PBXGroup;
			children = (
				894AB50E202BAA44006366EE /* LearningTableViews.app */,
			);
			name = Products;
			sourceTree = "<group>";
		};
		894AB510202BAA44006366EE /* LearningTableViews */ = {
			isa = PBXGroup;
			children = (
				894AB56B202BAD0E006366EE /* Helpers */,
				894AB56C202BAD2E006366EE /* BasicTableviewStoryboard */,
				894AB518202BAA44006366EE /* Assets.xcassets */,
				894AB511202BAA44006366EE /* AppDelegate.swift */,
				894AB51A202BAA44006366EE /* LaunchScreen.storyboard */,
				894AB51D202BAA44006366EE /* Info.plist */,
			);
			path = LearningTableViews;
			sourceTree = "<group>";
		};
		894AB523202BAADE006366EE /* SmallFruitImages.0 */ = {
			isa = PBXGroup;
			children = (
				894AB524202BAADE006366EE /* fig_small.jpg */,
				894AB525202BAADE006366EE /* plum_small.jpg */,
				894AB526202BAADE006366EE /* strawberry_small.jpg */,
				894AB527202BAADE006366EE /* peach_small.jpg */,
				894AB528202BAADE006366EE /* blueberries_small.jpg */,
				894AB529202BAADE006366EE /* oranges_small.jpg */,
				894AB52A202BAADE006366EE /* apple_small.jpg */,
				894AB52B202BAADE006366EE /* appricot_small.jpg */,
			);
			path = SmallFruitImages.0;
			sourceTree = "<group>";
		};
		894AB52C202BAADE006366EE /* SmallVeggieImages */ = {
			isa = PBXGroup;
			children = (
				894AB52D202BAADE006366EE /* carrots_small.jpg */,
				894AB52E202BAADE006366EE /* spinach_small.jpg */,
				894AB52F202BAADE006366EE /* peas_small.jpg */,
				894AB530202BAADE006366EE /* cabbage_small.jpg */,
				894AB531202BAADE006366EE /* pumpkin_small.jpg */,
				894AB532202BAADE006366EE /* tomatoes_small.jpg */,
				894AB533202BAADE006366EE /* kale_small.jpg */,
				894AB534202BAADE006366EE /* eggplant_small.jpg */,
			);
			path = SmallVeggieImages;
			sourceTree = "<group>";
		};
		894AB535202BAADE006366EE /* veggies */ = {
			isa = PBXGroup;
			children = (
				894AB536202BAADE006366EE /* tomatoes.jpg */,
				894AB537202BAADE006366EE /* kale.jpg */,
				894AB538202BAADE006366EE /* peas.jpg */,
				894AB539202BAADE006366EE /* spinach.jpg */,
				894AB53A202BAADE006366EE /* eggplant.jpg */,
				894AB53B202BAADE006366EE /* cabbage.jpg */,
				894AB53C202BAADE006366EE /* pumpkin.jpg */,
				894AB53D202BAADE006366EE /* carrots.jpg */,
			);
			path = veggies;
			sourceTree = "<group>";
		};
		894AB53E202BAADE006366EE /* fruits */ = {
			isa = PBXGroup;
			children = (
				894AB53F202BAADE006366EE /* peach.jpg */,
				894AB540202BAADE006366EE /* fig.jpg */,
				894AB541202BAADE006366EE /* blueberries.jpg */,
				894AB542202BAADE006366EE /* oranges.jpg */,
				894AB543202BAADE006366EE /* apple.jpg */,
				894AB544202BAADE006366EE /* plum.jpg */,
				894AB545202BAADE006366EE /* strawberry.jpg */,
				894AB546202BAADE006366EE /* appricot.jpg */,
			);
			path = fruits;
			sourceTree = "<group>";
		};
		894AB56B202BAD0E006366EE /* Helpers */ = {
			isa = PBXGroup;
			children = (
				894AB567202BAB2B006366EE /* Food.swift */,
				894AB569202BAB96006366EE /* FruitsNVeggies.swift */,
				894AB53E202BAADE006366EE /* fruits */,
				894AB523202BAADE006366EE /* SmallFruitImages.0 */,
				894AB52C202BAADE006366EE /* SmallVeggieImages */,
				894AB535202BAADE006366EE /* veggies */,
			);
			name = Helpers;
			sourceTree = "<group>";
		};
		894AB56C202BAD2E006366EE /* BasicTableviewStoryboard */ = {
			isa = PBXGroup;
			children = (
				894AB513202BAA44006366EE /* ViewController.swift */,
				894AB515202BAA44006366EE /* Main.storyboard */,
			);
			name = BasicTableviewStoryboard;
			sourceTree = "<group>";
		};
/* End PBXGroup section */

/* Begin PBXNativeTarget section */
		894AB50D202BAA44006366EE /* LearningTableViews */ = {
			isa = PBXNativeTarget;
			buildConfigurationList = 894AB520202BAA44006366EE /* Build configuration list for PBXNativeTarget "LearningTableViews" */;
			buildPhases = (
				894AB50A202BAA44006366EE /* Sources */,
				894AB50B202BAA44006366EE /* Frameworks */,
				894AB50C202BAA44006366EE /* Resources */,
			);
			buildRules = (
			);
			dependencies = (
			);
			name = LearningTableViews;
			productName = LearningTableViews;
			productReference = 894AB50E202BAA44006366EE /* LearningTableViews.app */;
			productType = "com.apple.product-type.application";
		};
/* End PBXNativeTarget section */

/* Begin PBXProject section */
		894AB506202BAA44006366EE /* Project object */ = {
			isa = PBXProject;
			attributes = {
				LastSwiftUpdateCheck = 0920;
				LastUpgradeCheck = 0920;
				ORGANIZATIONNAME = Devtechie;
				TargetAttributes = {
					894AB50D202BAA44006366EE = {
						CreatedOnToolsVersion = 9.2;
						ProvisioningStyle = Automatic;
					};
				};
			};
			buildConfigurationList = 894AB509202BAA44006366EE /* Build configuration list for PBXProject "LearningTableViews" */;
			compatibilityVersion = "Xcode 8.0";
			developmentRegion = en;
			hasScannedForEncodings = 0;
			knownRegions = (
				en,
				Base,
			);
			mainGroup = 894AB505202BAA44006366EE;
			productRefGroup = 894AB50F202BAA44006366EE /* Products */;
			projectDirPath = "";
			projectRoot = "";
			targets = (
				894AB50D202BAA44006366EE /* LearningTableViews */,
			);
		};
/* End PBXProject section */

/* Begin PBXResourcesBuildPhase section */
		894AB50C202BAA44006366EE /* Resources */ = {
			isa = PBXResourcesBuildPhase;
			buildActionMask = 2147483647;
			files = (
				894AB550202BAADE006366EE /* spinach_small.jpg in Resources */,
				894AB54B202BAADE006366EE /* blueberries_small.jpg in Resources */,
				894AB549202BAADE006366EE /* strawberry_small.jpg in Resources */,
				894AB54F202BAADE006366EE /* carrots_small.jpg in Resources */,
				894AB55D202BAADE006366EE /* pumpkin.jpg in Resources */,
				894AB54D202BAADE006366EE /* apple_small.jpg in Resources */,
				894AB54C202BAADE006366EE /* oranges_small.jpg in Resources */,
				894AB559202BAADE006366EE /* peas.jpg in Resources */,
				894AB566202BAADE006366EE /* appricot.jpg in Resources */,
				894AB554202BAADE006366EE /* tomatoes_small.jpg in Resources */,
				894AB54E202BAADE006366EE /* appricot_small.jpg in Resources */,
				894AB565202BAADE006366EE /* strawberry.jpg in Resources */,
				894AB564202BAADE006366EE /* plum.jpg in Resources */,
				894AB563202BAADE006366EE /* apple.jpg in Resources */,
				894AB552202BAADE006366EE /* cabbage_small.jpg in Resources */,
				894AB562202BAADE006366EE /* oranges.jpg in Resources */,
				894AB51C202BAA44006366EE /* LaunchScreen.storyboard in Resources */,
				894AB519202BAA44006366EE /* Assets.xcassets in Resources */,
				894AB55F202BAADE006366EE /* peach.jpg in Resources */,
				894AB548202BAADE006366EE /* plum_small.jpg in Resources */,
				894AB551202BAADE006366EE /* peas_small.jpg in Resources */,
				894AB553202BAADE006366EE /* pumpkin_small.jpg in Resources */,
				894AB555202BAADE006366EE /* kale_small.jpg in Resources */,
				894AB557202BAADE006366EE /* tomatoes.jpg in Resources */,
				894AB55A202BAADE006366EE /* spinach.jpg in Resources */,
				894AB561202BAADE006366EE /* blueberries.jpg in Resources */,
				894AB55C202BAADE006366EE /* cabbage.jpg in Resources */,
				894AB547202BAADE006366EE /* fig_small.jpg in Resources */,
				894AB517202BAA44006366EE /* Main.storyboard in Resources */,
				894AB55E202BAADE006366EE /* carrots.jpg in Resources */,
				894AB556202BAADE006366EE /* eggplant_small.jpg in Resources */,
				894AB560202BAADE006366EE /* fig.jpg in Resources */,
				894AB55B202BAADE006366EE /* eggplant.jpg in Resources */,
				894AB558202BAADE006366EE /* kale.jpg in Resources */,
				894AB54A202BAADE006366EE /* peach_small.jpg in Resources */,
			);
			runOnlyForDeploymentPostprocessing = 0;
		};
/* End PBXResourcesBuildPhase section */

/* Begin PBXSourcesBuildPhase section */
		894AB50A202BAA44006366EE /* Sources */ = {
			isa = PBXSourcesBuildPhase;
			buildActionMask = 2147483647;
			files = (
				894AB56A202BAB96006366EE /* FruitsNVeggies.swift in Sources */,
				894AB514202BAA44006366EE /* ViewController.swift in Sources */,
				894AB512202BAA44006366EE /* AppDelegate.swift in Sources */,
				894AB568202BAB2B006366EE /* Food.swift in Sources */,
			);
			runOnlyForDeploymentPostprocessing = 0;
		};
/* End PBXSourcesBuildPhase section */

/* Begin PBXVariantGroup section */
		894AB515202BAA44006366EE /* Main.storyboard */ = {
			isa = PBXVariantGroup;
			children = (
				894AB516202BAA44006366EE /* Base */,
			);
			name = Main.storyboard;
			sourceTree = "<group>";
		};
		894AB51A202BAA44006366EE /* LaunchScreen.storyboard */ = {
			isa = PBXVariantGroup;
			children = (
				894AB51B202BAA44006366EE /* Base */,
			);
			name = LaunchScreen.storyboard;
			sourceTree = "<group>";
		};
/* End PBXVariantGroup section */

/* Begin XCBuildConfiguration section */
		894AB51E202BAA44006366EE /* Debug */ = {
			isa = XCBuildConfiguration;
			buildSettings = {
				ALWAYS_SEARCH_USER_PATHS = NO;
				CLANG_ANALYZER_NONNULL = YES;
				CLANG_ANALYZER_NUMBER_OBJECT_CONVERSION = YES_AGGRESSIVE;
				CLANG_CXX_LANGUAGE_STANDARD = "gnu++14";
				CLANG_CXX_LIBRARY = "libc++";
				CLANG_ENABLE_MODULES = YES;
				CLANG_ENABLE_OBJC_ARC = YES;
				CLANG_WARN_BLOCK_CAPTURE_AUTORELEASING = YES;
				CLANG_WARN_BOOL_CONVERSION = YES;
				CLANG_WARN_COMMA = YES;
				CLANG_WARN_CONSTANT_CONVERSION = YES;
				CLANG_WARN_DIRECT_OBJC_ISA_USAGE = YES_ERROR;
				CLANG_WARN_DOCUMENTATION_COMMENTS = YES;
				CLANG_WARN_EMPTY_BODY = YES;
				CLANG_WARN_ENUM_CONVERSION = YES;
				CLANG_WARN_INFINITE_RECURSION = YES;
				CLANG_WARN_INT_CONVERSION = YES;
				CLANG_WARN_NON_LITERAL_NULL_CONVERSION = YES;
				CLANG_WARN_OBJC_LITERAL_CONVERSION = YES;
				CLANG_WARN_OBJC_ROOT_CLASS = YES_ERROR;
				CLANG_WARN_RANGE_LOOP_ANALYSIS = YES;
				CLANG_WARN_STRICT_PROTOTYPES = YES;
				CLANG_WARN_SUSPICIOUS_MOVE = YES;
				CLANG_WARN_UNGUARDED_AVAILABILITY = YES_AGGRESSIVE;
				CLANG_WARN_UNREACHABLE_CODE = YES;
				CLANG_WARN__DUPLICATE_METHOD_MATCH = YES;
				CODE_SIGN_IDENTITY = "iPhone Developer";
				COPY_PHASE_STRIP = NO;
				DEBUG_INFORMATION_FORMAT = dwarf;
				ENABLE_STRICT_OBJC_MSGSEND = YES;
				ENABLE_TESTABILITY = YES;
				GCC_C_LANGUAGE_STANDARD = gnu11;
				GCC_DYNAMIC_NO_PIC = NO;
				GCC_NO_COMMON_BLOCKS = YES;
				GCC_OPTIMIZATION_LEVEL = 0;
				GCC_PREPROCESSOR_DEFINITIONS = (
					"DEBUG=1",
					"$(inherited)",
				);
				GCC_WARN_64_TO_32_BIT_CONVERSION = YES;
				GCC_WARN_ABOUT_RETURN_TYPE = YES_ERROR;
				GCC_WARN_UNDECLARED_SELECTOR = YES;
				GCC_WARN_UNINITIALIZED_AUTOS = YES_AGGRESSIVE;
				GCC_WARN_UNUSED_FUNCTION = YES;
				GCC_WARN_UNUSED_VARIABLE = YES;
				IPHONEOS_DEPLOYMENT_TARGET = 11.2;
				MTL_ENABLE_DEBUG_INFO = YES;
				ONLY_ACTIVE_ARCH = YES;
				SDKROOT = iphoneos;
				SWIFT_ACTIVE_COMPILATION_CONDITIONS = DEBUG;
				SWIFT_OPTIMIZATION_LEVEL = "-Onone";
			};
			name = Debug;
		};
		894AB51F202BAA44006366EE /* Release */ = {
			isa = XCBuildConfiguration;
			buildSettings = {
				ALWAYS_SEARCH_USER_PATHS = NO;
				CLANG_ANALYZER_NONNULL = YES;
				CLANG_ANALYZER_NUMBER_OBJECT_CONVERSION = YES_AGGRESSIVE;
				CLANG_CXX_LANGUAGE_STANDARD = "gnu++14";
				CLANG_CXX_LIBRARY = "libc++";
				CLANG_ENABLE_MODULES = YES;
				CLANG_ENABLE_OBJC_ARC = YES;
				CLANG_WARN_BLOCK_CAPTURE_AUTORELEASING = YES;
				CLANG_WARN_BOOL_CONVERSION = YES;
				CLANG_WARN_COMMA = YES;
				CLANG_WARN_CONSTANT_CONVERSION = YES;
				CLANG_WARN_DIRECT_OBJC_ISA_USAGE = YES_ERROR;
				CLANG_WARN_DOCUMENTATION_COMMENTS = YES;
				CLANG_WARN_EMPTY_BODY = YES;
				CLANG_WARN_ENUM_CONVERSION = YES;
				CLANG_WARN_INFINITE_RECURSION = YES;
				CLANG_WARN_INT_CONVERSION = YES;
				CLANG_WARN_NON_LITERAL_NULL_CONVERSION = YES;
				CLANG_WARN_OBJC_LITERAL_CONVERSION = YES;
				CLANG_WARN_OBJC_ROOT_CLASS = YES_ERROR;
				CLANG_WARN_RANGE_LOOP_ANALYSIS = YES;
				CLANG_WARN_STRICT_PROTOTYPES = YES;
				CLANG_WARN_SUSPICIOUS_MOVE = YES;
				CLANG_WARN_UNGUARDED_AVAILABILITY = YES_AGGRESSIVE;
				CLANG_WARN_UNREACHABLE_CODE = YES;
				CLANG_WARN__DUPLICATE_METHOD_MATCH = YES;
				CODE_SIGN_IDENTITY = "iPhone Developer";
				COPY_PHASE_STRIP = NO;
				DEBUG_INFORMATION_FORMAT = "dwarf-with-dsym";
				ENABLE_NS_ASSERTIONS = NO;
				ENABLE_STRICT_OBJC_MSGSEND = YES;
				GCC_C_LANGUAGE_STANDARD = gnu11;
				GCC_NO_COMMON_BLOCKS = YES;
				GCC_WARN_64_TO_32_BIT_CONVERSION = YES;
				GCC_WARN_ABOUT_RETURN_TYPE = YES_ERROR;
				GCC_WARN_UNDECLARED_SELECTOR = YES;
				GCC_WARN_UNINITIALIZED_AUTOS = YES_AGGRESSIVE;
				GCC_WARN_UNUSED_FUNCTION = YES;
				GCC_WARN_UNUSED_VARIABLE = YES;
				IPHONEOS_DEPLOYMENT_TARGET = 11.2;
				MTL_ENABLE_DEBUG_INFO = NO;
				SDKROOT = iphoneos;
				SWIFT_OPTIMIZATION_LEVEL = "-Owholemodule";
				VALIDATE_PRODUCT = YES;
			};
			name = Release;
		};
		894AB521202BAA44006366EE /* Debug */ = {
			isa = XCBuildConfiguration;
			buildSettings = {
				ASSETCATALOG_COMPILER_APPICON_NAME = AppIcon;
				CODE_SIGN_STYLE = Automatic;
				DEVELOPMENT_TEAM = 63Y3987Z9A;
				INFOPLIST_FILE = LearningTableViews/Info.plist;
				LD_RUNPATH_SEARCH_PATHS = "$(inherited) @executable_path/Frameworks";
				PRODUCT_BUNDLE_IDENTIFIER = com.devtechie.LearningTableViews;
				PRODUCT_NAME = "$(TARGET_NAME)";
				SWIFT_VERSION = 4.0;
				TARGETED_DEVICE_FAMILY = "1,2";
			};
			name = Debug;
		};
		894AB522202BAA44006366EE /* Release */ = {
			isa = XCBuildConfiguration;
			buildSettings = {
				ASSETCATALOG_COMPILER_APPICON_NAME = AppIcon;
				CODE_SIGN_STYLE = Automatic;
				DEVELOPMENT_TEAM = 63Y3987Z9A;
				INFOPLIST_FILE = LearningTableViews/Info.plist;
				LD_RUNPATH_SEARCH_PATHS = "$(inherited) @executable_path/Frameworks";
				PRODUCT_BUNDLE_IDENTIFIER = com.devtechie.LearningTableViews;
				PRODUCT_NAME = "$(TARGET_NAME)";
				SWIFT_VERSION = 4.0;
				TARGETED_DEVICE_FAMILY = "1,2";
			};
			name = Release;
		};
/* End XCBuildConfiguration section */

/* Begin XCConfigurationList section */
		894AB509202BAA44006366EE /* Build configuration list for PBXProject "LearningTableViews" */ = {
			isa = XCConfigurationList;
			buildConfigurations = (
				894AB51E202BAA44006366EE /* Debug */,
				894AB51F202BAA44006366EE /* Release */,
			);
			defaultConfigurationIsVisible = 0;
			defaultConfigurationName = Release;
		};
		894AB520202BAA44006366EE /* Build configuration list for PBXNativeTarget "LearningTableViews" */ = {
			isa = XCConfigurationList;
			buildConfigurations = (
				894AB521202BAA44006366EE /* Debug */,
				894AB522202BAA44006366EE /* Release */,
			);
			defaultConfigurationIsVisible = 0;
			defaultConfigurationName = Release;
		};
/* End XCConfigurationList section */
	};
	rootObject = 894AB506202BAA44006366EE /* Project object */;
}
